// !$*UTF8*$!
{
	archiveVersion = 1;
	classes = {
	};
	objectVersion = 46;
	objects = {

/* Begin PBXBuildFile section */
		272F76111435940200633B8E /* APGClient.m in Sources */ = {isa = PBXBuildFile; fileRef = 272F76031435940200633B8E /* APGClient.m */; };
		272F76131435940200633B8E /* APGConstants.m in Sources */ = {isa = PBXBuildFile; fileRef = 272F76051435940200633B8E /* APGConstants.m */; };
		272F76171435940200633B8E /* APGKeychain.m in Sources */ = {isa = PBXBuildFile; fileRef = 272F76091435940200633B8E /* APGKeychain.m */; };
		272F76191435940200633B8E /* APGLoginViewController.m in Sources */ = {isa = PBXBuildFile; fileRef = 272F760B1435940200633B8E /* APGLoginViewController.m */; };
		272F761D1435940200633B8E /* APGUser.m in Sources */ = {isa = PBXBuildFile; fileRef = 272F760F1435940200633B8E /* APGUser.m */; };
		272F761F143596D600633B8E /* Security.framework in Frameworks */ = {isa = PBXBuildFile; fileRef = 272F761E143596D600633B8E /* Security.framework */; };
		27BFC27D142A54DD004CA304 /* UIKit.framework in Frameworks */ = {isa = PBXBuildFile; fileRef = 27BFC27C142A54DD004CA304 /* UIKit.framework */; };
		27BFC27F142A54DD004CA304 /* Foundation.framework in Frameworks */ = {isa = PBXBuildFile; fileRef = 27BFC27E142A54DD004CA304 /* Foundation.framework */; };
		27BFC287142A54DD004CA304 /* InfoPlist.strings in Resources */ = {isa = PBXBuildFile; fileRef = 27BFC285142A54DD004CA304 /* InfoPlist.strings */; };
		27BFC289142A54DD004CA304 /* main.m in Sources */ = {isa = PBXBuildFile; fileRef = 27BFC288142A54DD004CA304 /* main.m */; };
		27BFC28D142A54DD004CA304 /* ApigeeExampleAppDelegate.m in Sources */ = {isa = PBXBuildFile; fileRef = 27BFC28C142A54DD004CA304 /* ApigeeExampleAppDelegate.m */; };
		27BFC290142A54DD004CA304 /* MainWindow.xib in Resources */ = {isa = PBXBuildFile; fileRef = 27BFC28E142A54DD004CA304 /* MainWindow.xib */; };
		27BFC293142A54DD004CA304 /* RootViewController.m in Sources */ = {isa = PBXBuildFile; fileRef = 27BFC292142A54DD004CA304 /* RootViewController.m */; };
		27BFC296142A54DD004CA304 /* RootViewController.xib in Resources */ = {isa = PBXBuildFile; fileRef = 27BFC294142A54DD004CA304 /* RootViewController.xib */; };
		27BFC2D8142A64A2004CA304 /* CHANGELOG.md in Resources */ = {isa = PBXBuildFile; fileRef = 27BFC2D4142A64A2004CA304 /* CHANGELOG.md */; };
		27BFC2DA142A64A2004CA304 /* JSONKit.m in Sources */ = {isa = PBXBuildFile; fileRef = 27BFC2D6142A64A2004CA304 /* JSONKit.m */; };
		27BFC2DB142A64A2004CA304 /* README.md in Resources */ = {isa = PBXBuildFile; fileRef = 27BFC2D7142A64A2004CA304 /* README.md */; };
/* End PBXBuildFile section */

/* Begin PBXFileReference section */
		272F76021435940200633B8E /* APGClient.h */ = {isa = PBXFileReference; fileEncoding = 4; lastKnownFileType = sourcecode.objj.h; name = APGClient.h; path = "../Apigee Library/APGClient.h"; sourceTree = "<group>"; };
		272F76031435940200633B8E /* APGClient.m */ = {isa = PBXFileReference; fileEncoding = 4; lastKnownFileType = sourcecode.c.objc; name = APGClient.m; path = "../Apigee Library/APGClient.m"; sourceTree = "<group>"; };
		272F76041435940200633B8E /* APGConstants.h */ = {isa = PBXFileReference; fileEncoding = 4; lastKnownFileType = sourcecode.objj.h; name = APGConstants.h; path = "../Apigee Library/APGConstants.h"; sourceTree = "<group>"; };
		272F76051435940200633B8E /* APGConstants.m */ = {isa = PBXFileReference; fileEncoding = 4; lastKnownFileType = sourcecode.c.objc; name = APGConstants.m; path = "../Apigee Library/APGConstants.m"; sourceTree = "<group>"; };
		272F76081435940200633B8E /* APGKeychain.h */ = {isa = PBXFileReference; fileEncoding = 4; lastKnownFileType = sourcecode.objj.h; name = APGKeychain.h; path = "../Apigee Library/APGKeychain.h"; sourceTree = "<group>"; };
		272F76091435940200633B8E /* APGKeychain.m */ = {isa = PBXFileReference; fileEncoding = 4; lastKnownFileType = sourcecode.c.objc; name = APGKeychain.m; path = "../Apigee Library/APGKeychain.m"; sourceTree = "<group>"; };
		272F760A1435940200633B8E /* APGLoginViewController.h */ = {isa = PBXFileReference; fileEncoding = 4; lastKnownFileType = sourcecode.objj.h; name = APGLoginViewController.h; path = "../Apigee Library/APGLoginViewController.h"; sourceTree = "<group>"; };
		272F760B1435940200633B8E /* APGLoginViewController.m */ = {isa = PBXFileReference; fileEncoding = 4; lastKnownFileType = sourcecode.c.objc; name = APGLoginViewController.m; path = "../Apigee Library/APGLoginViewController.m"; sourceTree = "<group>"; };
		272F760E1435940200633B8E /* APGUser.h */ = {isa = PBXFileReference; fileEncoding = 4; lastKnownFileType = sourcecode.objj.h; name = APGUser.h; path = "../Apigee Library/APGUser.h"; sourceTree = "<group>"; };
		272F760F1435940200633B8E /* APGUser.m */ = {isa = PBXFileReference; fileEncoding = 4; lastKnownFileType = sourcecode.c.objc; name = APGUser.m; path = "../Apigee Library/APGUser.m"; sourceTree = "<group>"; };
		272F761E143596D600633B8E /* Security.framework */ = {isa = PBXFileReference; lastKnownFileType = wrapper.framework; name = Security.framework; path = System/Library/Frameworks/Security.framework; sourceTree = SDKROOT; };
		27BFC278142A54DD004CA304 /* ApigeeExample.app */ = {isa = PBXFileReference; explicitFileType = wrapper.application; includeInIndex = 0; path = ApigeeExample.app; sourceTree = BUILT_PRODUCTS_DIR; };
		27BFC27C142A54DD004CA304 /* UIKit.framework */ = {isa = PBXFileReference; lastKnownFileType = wrapper.framework; name = UIKit.framework; path = System/Library/Frameworks/UIKit.framework; sourceTree = SDKROOT; };
		27BFC27E142A54DD004CA304 /* Foundation.framework */ = {isa = PBXFileReference; lastKnownFileType = wrapper.framework; name = Foundation.framework; path = System/Library/Frameworks/Foundation.framework; sourceTree = SDKROOT; };
		27BFC280142A54DD004CA304 /* CoreGraphics.framework */ = {isa = PBXFileReference; lastKnownFileType = wrapper.framework; name = CoreGraphics.framework; path = System/Library/Frameworks/CoreGraphics.framework; sourceTree = SDKROOT; };
		27BFC284142A54DD004CA304 /* ApigeeExample-Info.plist */ = {isa = PBXFileReference; lastKnownFileType = text.plist.xml; path = "ApigeeExample-Info.plist"; sourceTree = "<group>"; };
		27BFC286142A54DD004CA304 /* en */ = {isa = PBXFileReference; lastKnownFileType = text.plist.strings; name = en; path = en.lproj/InfoPlist.strings; sourceTree = "<group>"; };
		27BFC288142A54DD004CA304 /* main.m */ = {isa = PBXFileReference; lastKnownFileType = sourcecode.c.objc; path = main.m; sourceTree = "<group>"; };
		27BFC28A142A54DD004CA304 /* ApigeeExample-Prefix.pch */ = {isa = PBXFileReference; lastKnownFileType = sourcecode.c.h; path = "ApigeeExample-Prefix.pch"; sourceTree = "<group>"; };
		27BFC28B142A54DD004CA304 /* ApigeeExampleAppDelegate.h */ = {isa = PBXFileReference; lastKnownFileType = sourcecode.objj.h; path = ApigeeExampleAppDelegate.h; sourceTree = "<group>"; };
		27BFC28C142A54DD004CA304 /* ApigeeExampleAppDelegate.m */ = {isa = PBXFileReference; lastKnownFileType = sourcecode.c.objc; path = ApigeeExampleAppDelegate.m; sourceTree = "<group>"; };
		27BFC28F142A54DD004CA304 /* en */ = {isa = PBXFileReference; lastKnownFileType = file.xib; name = en; path = en.lproj/MainWindow.xib; sourceTree = "<group>"; };
		27BFC291142A54DD004CA304 /* RootViewController.h */ = {isa = PBXFileReference; lastKnownFileType = sourcecode.objj.h; path = RootViewController.h; sourceTree = "<group>"; };
		27BFC292142A54DD004CA304 /* RootViewController.m */ = {isa = PBXFileReference; lastKnownFileType = sourcecode.c.objc; path = RootViewController.m; sourceTree = "<group>"; };
		27BFC295142A54DD004CA304 /* en */ = {isa = PBXFileReference; lastKnownFileType = file.xib; name = en; path = en.lproj/RootViewController.xib; sourceTree = "<group>"; };
		27BFC2CA142A6425004CA304 /* SystemConfiguration.framework */ = {isa = PBXFileReference; lastKnownFileType = wrapper.framework; name = SystemConfiguration.framework; path = System/Library/Frameworks/SystemConfiguration.framework; sourceTree = SDKROOT; };
		27BFC2CC142A642F004CA304 /* CFNetwork.framework */ = {isa = PBXFileReference; lastKnownFileType = wrapper.framework; name = CFNetwork.framework; path = System/Library/Frameworks/CFNetwork.framework; sourceTree = SDKROOT; };
		27BFC2CE142A643B004CA304 /* MobileCoreServices.framework */ = {isa = PBXFileReference; lastKnownFileType = wrapper.framework; name = MobileCoreServices.framework; path = System/Library/Frameworks/MobileCoreServices.framework; sourceTree = SDKROOT; };
		27BFC2D0142A6446004CA304 /* CoreGraphics.framework */ = {isa = PBXFileReference; lastKnownFileType = wrapper.framework; name = CoreGraphics.framework; path = System/Library/Frameworks/CoreGraphics.framework; sourceTree = SDKROOT; };
		27BFC2D1142A645A004CA304 /* libz.1.2.3.dylib */ = {isa = PBXFileReference; lastKnownFileType = "compiled.mach-o.dylib"; name = libz.1.2.3.dylib; path = usr/lib/libz.1.2.3.dylib; sourceTree = SDKROOT; };
		27BFC2D4142A64A2004CA304 /* CHANGELOG.md */ = {isa = PBXFileReference; fileEncoding = 4; lastKnownFileType = text; path = CHANGELOG.md; sourceTree = "<group>"; };
		27BFC2D5142A64A2004CA304 /* JSONKit.h */ = {isa = PBXFileReference; fileEncoding = 4; lastKnownFileType = sourcecode.objj.h; path = JSONKit.h; sourceTree = "<group>"; };
		27BFC2D6142A64A2004CA304 /* JSONKit.m */ = {isa = PBXFileReference; fileEncoding = 4; lastKnownFileType = sourcecode.c.objc; path = JSONKit.m; sourceTree = "<group>"; };
		27BFC2D7142A64A2004CA304 /* README.md */ = {isa = PBXFileReference; fileEncoding = 4; lastKnownFileType = text; path = README.md; sourceTree = "<group>"; };
		27BFC301142A6532004CA304 /* Security.framework */ = {isa = PBXFileReference; lastKnownFileType = wrapper.framework; name = Security.framework; path = System/Library/Frameworks/Security.framework; sourceTree = SDKROOT; };
/* End PBXFileReference section */

/* Begin PBXFrameworksBuildPhase section */
		27BFC275142A54DD004CA304 /* Frameworks */ = {
			isa = PBXFrameworksBuildPhase;
			buildActionMask = 2147483647;
			files = (
				272F761F143596D600633B8E /* Security.framework in Frameworks */,
				27BFC27D142A54DD004CA304 /* UIKit.framework in Frameworks */,
				27BFC27F142A54DD004CA304 /* Foundation.framework in Frameworks */,
			);
			runOnlyForDeploymentPostprocessing = 0;
		};
/* End PBXFrameworksBuildPhase section */

/* Begin PBXGroup section */
		27BFC26D142A54DD004CA304 = {
			isa = PBXGroup;
			children = (
				272F761E143596D600633B8E /* Security.framework */,
				27BFC29C142A63E6004CA304 /* External */,
				27BFC282142A54DD004CA304 /* ApigeeExample */,
				27BFC27B142A54DD004CA304 /* Frameworks */,
				27BFC279142A54DD004CA304 /* Products */,
			);
			sourceTree = "<group>";
		};
		27BFC279142A54DD004CA304 /* Products */ = {
			isa = PBXGroup;
			children = (
				27BFC278142A54DD004CA304 /* ApigeeExample.app */,
			);
			name = Products;
			sourceTree = "<group>";
		};
		27BFC27B142A54DD004CA304 /* Frameworks */ = {
			isa = PBXGroup;
			children = (
				27BFC301142A6532004CA304 /* Security.framework */,
				27BFC2D1142A645A004CA304 /* libz.1.2.3.dylib */,
				27BFC2D0142A6446004CA304 /* CoreGraphics.framework */,
				27BFC2CE142A643B004CA304 /* MobileCoreServices.framework */,
				27BFC2CC142A642F004CA304 /* CFNetwork.framework */,
				27BFC2CA142A6425004CA304 /* SystemConfiguration.framework */,
				27BFC27C142A54DD004CA304 /* UIKit.framework */,
				27BFC27E142A54DD004CA304 /* Foundation.framework */,
				27BFC280142A54DD004CA304 /* CoreGraphics.framework */,
			);
			name = Frameworks;
			sourceTree = "<group>";
		};
		27BFC282142A54DD004CA304 /* ApigeeExample */ = {
			isa = PBXGroup;
			children = (
				27BFC28B142A54DD004CA304 /* ApigeeExampleAppDelegate.h */,
				27BFC28C142A54DD004CA304 /* ApigeeExampleAppDelegate.m */,
				27BFC28E142A54DD004CA304 /* MainWindow.xib */,
				27BFC291142A54DD004CA304 /* RootViewController.h */,
				27BFC292142A54DD004CA304 /* RootViewController.m */,
				27BFC294142A54DD004CA304 /* RootViewController.xib */,
				27BFC283142A54DD004CA304 /* Supporting Files */,
			);
			path = ApigeeExample;
			sourceTree = "<group>";
		};
		27BFC283142A54DD004CA304 /* Supporting Files */ = {
			isa = PBXGroup;
			children = (
				27BFC284142A54DD004CA304 /* ApigeeExample-Info.plist */,
				27BFC285142A54DD004CA304 /* InfoPlist.strings */,
				27BFC288142A54DD004CA304 /* main.m */,
				27BFC28A142A54DD004CA304 /* ApigeeExample-Prefix.pch */,
			);
			name = "Supporting Files";
			sourceTree = "<group>";
		};
		27BFC29C142A63E6004CA304 /* External */ = {
			isa = PBXGroup;
			children = (
				27BFC2DC142A64BF004CA304 /* Apigee Client Library */,
				27BFC2D3142A648D004CA304 /* JSONKit */,
			);
			name = External;
			sourceTree = "<group>";
		};
		27BFC2D3142A648D004CA304 /* JSONKit */ = {
			isa = PBXGroup;
			children = (
				27BFC2D4142A64A2004CA304 /* CHANGELOG.md */,
				27BFC2D5142A64A2004CA304 /* JSONKit.h */,
				27BFC2D6142A64A2004CA304 /* JSONKit.m */,
				27BFC2D7142A64A2004CA304 /* README.md */,
			);
			name = JSONKit;
			sourceTree = "<group>";
		};
		27BFC2DC142A64BF004CA304 /* Apigee Client Library */ = {
			isa = PBXGroup;
			children = (
				272F76021435940200633B8E /* APGClient.h */,
				272F76031435940200633B8E /* APGClient.m */,
				272F76041435940200633B8E /* APGConstants.h */,
				272F76051435940200633B8E /* APGConstants.m */,
				272F76081435940200633B8E /* APGKeychain.h */,
				272F76091435940200633B8E /* APGKeychain.m */,
				272F760A1435940200633B8E /* APGLoginViewController.h */,
				272F760B1435940200633B8E /* APGLoginViewController.m */,
				272F760E1435940200633B8E /* APGUser.h */,
				272F760F1435940200633B8E /* APGUser.m */,
			);
			name = "Apigee Client Library";
			sourceTree = "<group>";
		};
/* End PBXGroup section */

/* Begin PBXNativeTarget section */
		27BFC277142A54DD004CA304 /* ApigeeExample */ = {
			isa = PBXNativeTarget;
			buildConfigurationList = 27BFC299142A54DD004CA304 /* Build configuration list for PBXNativeTarget "ApigeeExample" */;
			buildPhases = (
				27BFC274142A54DD004CA304 /* Sources */,
				27BFC275142A54DD004CA304 /* Frameworks */,
				27BFC276142A54DD004CA304 /* Resources */,
			);
			buildRules = (
			);
			dependencies = (
			);
			name = ApigeeExample;
			productName = ApigeeExample;
			productReference = 27BFC278142A54DD004CA304 /* ApigeeExample.app */;
			productType = "com.apple.product-type.application";
		};
/* End PBXNativeTarget section */

/* Begin PBXProject section */
		27BFC26F142A54DD004CA304 /* Project object */ = {
			isa = PBXProject;
			attributes = {
				LastUpgradeCheck = 0420;
			};
			buildConfigurationList = 27BFC272142A54DD004CA304 /* Build configuration list for PBXProject "ApigeeExample" */;
			compatibilityVersion = "Xcode 3.2";
			developmentRegion = English;
			hasScannedForEncodings = 0;
			knownRegions = (
				en,
			);
			mainGroup = 27BFC26D142A54DD004CA304;
			productRefGroup = 27BFC279142A54DD004CA304 /* Products */;
			projectDirPath = "";
			projectRoot = "";
			targets = (
				27BFC277142A54DD004CA304 /* ApigeeExample */,
			);
		};
/* End PBXProject section */

/* Begin PBXResourcesBuildPhase section */
		27BFC276142A54DD004CA304 /* Resources */ = {
			isa = PBXResourcesBuildPhase;
			buildActionMask = 2147483647;
			files = (
				27BFC287142A54DD004CA304 /* InfoPlist.strings in Resources */,
				27BFC290142A54DD004CA304 /* MainWindow.xib in Resources */,
				27BFC296142A54DD004CA304 /* RootViewController.xib in Resources */,
				27BFC2D8142A64A2004CA304 /* CHANGELOG.md in Resources */,
				27BFC2DB142A64A2004CA304 /* README.md in Resources */,
			);
			runOnlyForDeploymentPostprocessing = 0;
		};
/* End PBXResourcesBuildPhase section */

/* Begin PBXSourcesBuildPhase section */
		27BFC274142A54DD004CA304 /* Sources */ = {
			isa = PBXSourcesBuildPhase;
			buildActionMask = 2147483647;
			files = (
				27BFC289142A54DD004CA304 /* main.m in Sources */,
				27BFC28D142A54DD004CA304 /* ApigeeExampleAppDelegate.m in Sources */,
				27BFC293142A54DD004CA304 /* RootViewController.m in Sources */,
				27BFC2DA142A64A2004CA304 /* JSONKit.m in Sources */,
				272F76111435940200633B8E /* APGClient.m in Sources */,
				272F76131435940200633B8E /* APGConstants.m in Sources */,
				272F76171435940200633B8E /* APGKeychain.m in Sources */,
				272F76191435940200633B8E /* APGLoginViewController.m in Sources */,
				272F761D1435940200633B8E /* APGUser.m in Sources */,
			);
			runOnlyForDeploymentPostprocessing = 0;
		};
/* End PBXSourcesBuildPhase section */

/* Begin PBXVariantGroup section */
		27BFC285142A54DD004CA304 /* InfoPlist.strings */ = {
			isa = PBXVariantGroup;
			children = (
				27BFC286142A54DD004CA304 /* en */,
			);
			name = InfoPlist.strings;
			sourceTree = "<group>";
		};
		27BFC28E142A54DD004CA304 /* MainWindow.xib */ = {
			isa = PBXVariantGroup;
			children = (
				27BFC28F142A54DD004CA304 /* en */,
			);
			name = MainWindow.xib;
			sourceTree = "<group>";
		};
		27BFC294142A54DD004CA304 /* RootViewController.xib */ = {
			isa = PBXVariantGroup;
			children = (
				27BFC295142A54DD004CA304 /* en */,
			);
			name = RootViewController.xib;
			sourceTree = "<group>";
		};
/* End PBXVariantGroup section */

/* Begin XCBuildConfiguration section */
		27BFC297142A54DD004CA304 /* Debug */ = {
			isa = XCBuildConfiguration;
			buildSettings = {
				ALWAYS_SEARCH_USER_PATHS = NO;
				ARCHS = "$(ARCHS_STANDARD_32_BIT)";
				"CODE_SIGN_IDENTITY[sdk=iphoneos*]" = "iPhone Developer";
				COPY_PHASE_STRIP = NO;
				GCC_C_LANGUAGE_STANDARD = gnu99;
				GCC_DYNAMIC_NO_PIC = NO;
				GCC_OPTIMIZATION_LEVEL = 0;
				GCC_PREPROCESSOR_DEFINITIONS = (
					"DEBUG=1",
					"$(inherited)",
				);
				GCC_SYMBOLS_PRIVATE_EXTERN = NO;
				GCC_VERSION = com.apple.compilers.llvmgcc42;
				GCC_WARN_ABOUT_MISSING_PROTOTYPES = YES;
				GCC_WARN_ABOUT_RETURN_TYPE = YES;
				GCC_WARN_UNUSED_VARIABLE = YES;
				IPHONEOS_DEPLOYMENT_TARGET = 4.3;
				SDKROOT = iphoneos;
			};
			name = Debug;
		};
		27BFC298142A54DD004CA304 /* Release */ = {
			isa = XCBuildConfiguration;
			buildSettings = {
				ALWAYS_SEARCH_USER_PATHS = NO;
				ARCHS = "$(ARCHS_STANDARD_32_BIT)";
				"CODE_SIGN_IDENTITY[sdk=iphoneos*]" = "iPhone Developer";
				COPY_PHASE_STRIP = YES;
				GCC_C_LANGUAGE_STANDARD = gnu99;
				GCC_VERSION = com.apple.compilers.llvmgcc42;
				GCC_WARN_ABOUT_MISSING_PROTOTYPES = YES;
				GCC_WARN_ABOUT_RETURN_TYPE = YES;
				GCC_WARN_UNUSED_VARIABLE = YES;
				IPHONEOS_DEPLOYMENT_TARGET = 4.3;
				OTHER_CFLAGS = "-DNS_BLOCK_ASSERTIONS=1";
				SDKROOT = iphoneos;
				VALIDATE_PRODUCT = YES;
			};
			name = Release;
		};
		27BFC29A142A54DD004CA304 /* Debug */ = {
			isa = XCBuildConfiguration;
			buildSettings = {
				GCC_PRECOMPILE_PREFIX_HEADER = YES;
				GCC_PREFIX_HEADER = "ApigeeExample/ApigeeExample-Prefix.pch";
				INFOPLIST_FILE = "ApigeeExample/ApigeeExample-Info.plist";
				PRODUCT_NAME = "$(TARGET_NAME)";
				WRAPPER_EXTENSION = app;
			};
			name = Debug;
		};
		27BFC29B142A54DD004CA304 /* Release */ = {
			isa = XCBuildConfiguration;
			buildSettings = {
				GCC_PRECOMPILE_PREFIX_HEADER = YES;
				GCC_PREFIX_HEADER = "ApigeeExample/ApigeeExample-Prefix.pch";
				INFOPLIST_FILE = "ApigeeExample/ApigeeExample-Info.plist";
				PRODUCT_NAME = "$(TARGET_NAME)";
				WRAPPER_EXTENSION = app;
			};
			name = Release;
		};
/* End XCBuildConfiguration section */

/* Begin XCConfigurationList section */
		27BFC272142A54DD004CA304 /* Build configuration list for PBXProject "ApigeeExample" */ = {
			isa = XCConfigurationList;
			buildConfigurations = (
				27BFC297142A54DD004CA304 /* Debug */,
				27BFC298142A54DD004CA304 /* Release */,
			);
			defaultConfigurationIsVisible = 0;
			defaultConfigurationName = Release;
		};
		27BFC299142A54DD004CA304 /* Build configuration list for PBXNativeTarget "ApigeeExample" */ = {
			isa = XCConfigurationList;
			buildConfigurations = (
				27BFC29A142A54DD004CA304 /* Debug */,
				27BFC29B142A54DD004CA304 /* Release */,
			);
			defaultConfigurationIsVisible = 0;
			defaultConfigurationName = Release;
		};
/* End XCConfigurationList section */
	};
	rootObject = 27BFC26F142A54DD004CA304 /* Project object */;
}
